
Microsoft Visual Studio Solution File, Format Version 12.00
# Visual Studio Version 17
VisualStudioVersion = 17.0.31903.59
MinimumVisualStudioVersion = 10.0.40219.1
Project("{2150E333-8FDC-42A3-9474-1A3956D46DE8}") = "src", "src", "{827E0CD3-B72D-47B6-A68D-7590B98EB39B}"
EndProject
Project("{FAE04EC0-301F-11D3-BF4B-00C04F79EFBC}") = "LunaPanel.Core", "src\LunaPanel.Core\LunaPanel.Core.csproj", "{E88AB3BA-8E5A-40A9-BB9C-03289C2C036F}"
EndProject
Project("{FAE04EC0-301F-11D3-BF4B-00C04F79EFBC}") = "LunaPanel.Server", "src\LunaPanel.Server\LunaPanel.Server.csproj", "{C613C9E5-E1E7-4314-827D-0B589C07ECB7}"
EndProject
Project("{2150E333-8FDC-42A3-9474-1A3956D46DE8}") = "tests", "tests", "{0AB3BF05-4346-4AA6-1389-037BE0695223}"
EndProject
Project("{FAE04EC0-301F-11D3-BF4B-00C04F79EFBC}") = "LunaPanel.Tests", "tests\LunaPanel.Tests\LunaPanel.Tests.csproj", "{2034695B-B6CB-4245-A009-F70D88A2608B}"
EndProject
Project("{FAE04EC0-301F-11D3-BF4B-00C04F79EFBC}") = "LunaPanel.Tray", "src\LunaPanel.Tray\LunaPanel.Tray.csproj", "{1AE58EF1-FDDA-4010-8FB2-90397E6D9F73}"
EndProject
Global
	GlobalSection(SolutionConfigurationPlatforms) = preSolution
		Debug|Any CPU = Debug|Any CPU
		Debug|x64 = Debug|x64
		Debug|x86 = Debug|x86
		Release|Any CPU = Release|Any CPU
		Release|x64 = Release|x64
		Release|x86 = Release|x86
	EndGlobalSection
	GlobalSection(ProjectConfigurationPlatforms) = postSolution
		{E88AB3BA-8E5A-40A9-BB9C-03289C2C036F}.Debug|Any CPU.ActiveCfg = Debug|Any CPU
		{E88AB3BA-8E5A-40A9-BB9C-03289C2C036F}.Debug|Any CPU.Build.0 = Debug|Any CPU
		{E88AB3BA-8E5A-40A9-BB9C-03289C2C036F}.Debug|x64.ActiveCfg = Debug|Any CPU
		{E88AB3BA-8E5A-40A9-BB9C-03289C2C036F}.Debug|x64.Build.0 = Debug|Any CPU
		{E88AB3BA-8E5A-40A9-BB9C-03289C2C036F}.Debug|x86.ActiveCfg = Debug|Any CPU
		{E88AB3BA-8E5A-40A9-BB9C-03289C2C036F}.Debug|x86.Build.0 = Debug|Any CPU
		{E88AB3BA-8E5A-40A9-BB9C-03289C2C036F}.Release|Any CPU.ActiveCfg = Release|Any CPU
		{E88AB3BA-8E5A-40A9-BB9C-03289C2C036F}.Release|Any CPU.Build.0 = Release|Any CPU
		{E88AB3BA-8E5A-40A9-BB9C-03289C2C036F}.Release|x64.ActiveCfg = Release|Any CPU
		{E88AB3BA-8E5A-40A9-BB9C-03289C2C036F}.Release|x64.Build.0 = Release|Any CPU
		{E88AB3BA-8E5A-40A9-BB9C-03289C2C036F}.Release|x86.ActiveCfg = Release|Any CPU
		{E88AB3BA-8E5A-40A9-BB9C-03289C2C036F}.Release|x86.Build.0 = Release|Any CPU
		{C613C9E5-E1E7-4314-827D-0B589C07ECB7}.Debug|Any CPU.ActiveCfg = Debug|Any CPU
		{C613C9E5-E1E7-4314-827D-0B589C07ECB7}.Debug|Any CPU.Build.0 = Debug|Any CPU
		{C613C9E5-E1E7-4314-827D-0B589C07ECB7}.Debug|x64.ActiveCfg = Debug|Any CPU
		{C613C9E5-E1E7-4314-827D-0B589C07ECB7}.Debug|x64.Build.0 = Debug|Any CPU
		{C613C9E5-E1E7-4314-827D-0B589C07ECB7}.Debug|x86.ActiveCfg = Debug|Any CPU
		{C613C9E5-E1E7-4314-827D-0B589C07ECB7}.Debug|x86.Build.0 = Debug|Any CPU
		{C613C9E5-E1E7-4314-827D-0B589C07ECB7}.Release|Any CPU.ActiveCfg = Release|Any CPU
		{C613C9E5-E1E7-4314-827D-0B589C07ECB7}.Release|Any CPU.Build.0 = Release|Any CPU
		{C613C9E5-E1E7-4314-827D-0B589C07ECB7}.Release|x64.ActiveCfg = Release|Any CPU
		{C613C9E5-E1E7-4314-827D-0B589C07ECB7}.Release|x64.Build.0 = Release|Any CPU
		{C613C9E5-E1E7-4314-827D-0B589C07ECB7}.Release|x86.ActiveCfg = Release|Any CPU
		{C613C9E5-E1E7-4314-827D-0B589C07ECB7}.Release|x86.Build.0 = Release|Any CPU
		{2034695B-B6CB-4245-A009-F70D88A2608B}.Debug|Any CPU.ActiveCfg = Debug|Any CPU
		{2034695B-B6CB-4245-A009-F70D88A2608B}.Debug|Any CPU.Build.0 = Debug|Any CPU
		{2034695B-B6CB-4245-A009-F70D88A2608B}.Debug|x64.ActiveCfg = Debug|Any CPU
		{2034695B-B6CB-4245-A009-F70D88A2608B}.Debug|x64.Build.0 = Debug|Any CPU
		{2034695B-B6CB-4245-A009-F70D88A2608B}.Debug|x86.ActiveCfg = Debug|Any CPU
		{2034695B-B6CB-4245-A009-F70D88A2608B}.Debug|x86.Build.0 = Debug|Any CPU
		{2034695B-B6CB-4245-A009-F70D88A2608B}.Release|Any CPU.ActiveCfg = Release|Any CPU
		{2034695B-B6CB-4245-A009-F70D88A2608B}.Release|Any CPU.Build.0 = Release|Any CPU
		{2034695B-B6CB-4245-A009-F70D88A2608B}.Release|x64.ActiveCfg = Release|Any CPU
		{2034695B-B6CB-4245-A009-F70D88A2608B}.Release|x64.Build.0 = Release|Any CPU
		{2034695B-B6CB-4245-A009-F70D88A2608B}.Release|x86.ActiveCfg = Release|Any CPU
		{2034695B-B6CB-4245-A009-F70D88A2608B}.Release|x86.Build.0 = Release|Any CPU
		{1AE58EF1-FDDA-4010-8FB2-90397E6D9F73}.Debug|Any CPU.ActiveCfg = Debug|Any CPU
		{1AE58EF1-FDDA-4010-8FB2-90397E6D9F73}.Debug|Any CPU.Build.0 = Debug|Any CPU
		{1AE58EF1-FDDA-4010-8FB2-90397E6D9F73}.Debug|x64.ActiveCfg = Debug|Any CPU
		{1AE58EF1-FDDA-4010-8FB2-90397E6D9F73}.Debug|x64.Build.0 = Debug|Any CPU
		{1AE58EF1-FDDA-4010-8FB2-90397E6D9F73}.Debug|x86.ActiveCfg = Debug|Any CPU
		{1AE58EF1-FDDA-4010-8FB2-90397E6D9F73}.Debug|x86.Build.0 = Debug|Any CPU
		{1AE58EF1-FDDA-4010-8FB2-90397E6D9F73}.Release|Any CPU.ActiveCfg = Release|Any CPU
		{1AE58EF1-FDDA-4010-8FB2-90397E6D9F73}.Release|Any CPU.Build.0 = Release|Any CPU
		{1AE58EF1-FDDA-4010-8FB2-90397E6D9F73}.Release|x64.ActiveCfg = Release|Any CPU
		{1AE58EF1-FDDA-4010-8FB2-90397E6D9F73}.Release|x64.Build.0 = Release|Any CPU
		{1AE58EF1-FDDA-4010-8FB2-90397E6D9F73}.Release|x86.ActiveCfg = Release|Any CPU
		{1AE58EF1-FDDA-4010-8FB2-90397E6D9F73}.Release|x86.Build.0 = Release|Any CPU
	EndGlobalSection
	GlobalSection(SolutionProperties) = preSolution
		HideSolutionNode = FALSE
	EndGlobalSection
	GlobalSection(NestedProjects) = preSolution
		{E88AB3BA-8E5A-40A9-BB9C-03289C2C036F} = {827E0CD3-B72D-47B6-A68D-7590B98EB39B}
		{C613C9E5-E1E7-4314-827D-0B589C07ECB7} = {827E0CD3-B72D-47B6-A68D-7590B98EB39B}
		{2034695B-B6CB-4245-A009-F70D88A2608B} = {0AB3BF05-4346-4AA6-1389-037BE0695223}
		{1AE58EF1-FDDA-4010-8FB2-90397E6D9F73} = {827E0CD3-B72D-47B6-A68D-7590B98EB39B}
	EndGlobalSection
EndGlobal
